<?xml version="1.0" encoding="utf-8"?>
<Project ToolsVersion="4.0" xmlns="http://schemas.microsoft.com/developer/msbuild/2003">
  <ItemGroup>
    <ClCompile Include="src\Main.cpp" />
    <ClCompile Include="src\Session.cpp" />
    <ClCompile Include="src\DAO\Game.cpp" />
    <ClCompile Include="src\DAO\Riddle.cpp" />
    <ClCompile Include="src\DAO\Score.cpp" />
    <ClCompile Include="src\DAO\User.cpp" />
    <ClCompile Include="src\DAO\Word.cpp" />
    <ClCompile Include="src\Widgets\BullsNCowsGame.cpp" />
    <ClCompile Include="src\Widgets\GuessTheSongGame.cpp" />
    <ClCompile Include="src\Widgets\HangmanGame.cpp" />
    <ClCompile Include="src\Widgets\RiddlesGame.cpp" />
    <ClCompile Include="src\Widgets\WebGamesApp.cpp" />
  </ItemGroup>
  <ItemGroup>
    <ClInclude Include="src\Session.h" />
    <ClInclude Include="src\DAO\Game.h" />
    <ClInclude Include="src\DAO\Riddle.h" />
    <ClInclude Include="src\DAO\Score.h" />
    <ClInclude Include="src\DAO\User.h" />
    <ClInclude Include="src\DAO\Word.h" />
    <ClInclude Include="src\Widgets\BullsNCowsGame.h" />
    <ClInclude Include="src\Widgets\GuessTheSongGame.h" />
    <ClInclude Include="src\Widgets\HangmanGame.h" />
    <ClInclude Include="src\Widgets\RiddlesGame.h" />
    <ClInclude Include="src\Widgets\WebGamesApp.h" />
  </ItemGroup>
</Project>